
Microsoft Visual Studio Solution File, Format Version 12.00
Project("{FAE04EC0-301F-11D3-BF4B-00C04F79EFBC}") = "RPTB-API", "RPTB-API\RPTB-API.csproj", "{DC2068E2-DA6A-4CB7-9F4D-CD0097DA412B}"
EndProject
Global
	GlobalSection(SolutionConfigurationPlatforms) = preSolution
		Debug|Any CPU = Debug|Any CPU
		Release|Any CPU = Release|Any CPU
	EndGlobalSection
	GlobalSection(ProjectConfigurationPlatforms) = postSolution
		{DC2068E2-DA6A-4CB7-9F4D-CD0097DA412B}.Debug|Any CPU.ActiveCfg = Debug|Any CPU
		{DC2068E2-DA6A-4CB7-9F4D-CD0097DA412B}.Debug|Any CPU.Build.0 = Debug|Any CPU
		{DC2068E2-DA6A-4CB7-9F4D-CD0097DA412B}.Release|Any CPU.ActiveCfg = Release|Any CPU
		{DC2068E2-DA6A-4CB7-9F4D-CD0097DA412B}.Release|Any CPU.Build.0 = Release|Any CPU
	EndGlobalSection
EndGlobal
