
Microsoft Visual Studio Solution File, Format Version 12.00
# Visual Studio Version 17
VisualStudioVersion = 17.9.34607.119
MinimumVisualStudioVersion = 10.0.40219.1
Project("{FAE04EC0-301F-11D3-BF4B-00C04F79EFBC}") = "StatusAPI", "StatusAPI\StatusAPI.csproj", "{18268264-0A94-4E3A-A0C5-27FEE375F04B}"
EndProject
Global
	GlobalSection(SolutionConfigurationPlatforms) = preSolution
		Debug|Any CPU = Debug|Any CPU
		Release|Any CPU = Release|Any CPU
	EndGlobalSection
	GlobalSection(ProjectConfigurationPlatforms) = postSolution
		{18268264-0A94-4E3A-A0C5-27FEE375F04B}.Debug|Any CPU.ActiveCfg = Debug|Any CPU
		{18268264-0A94-4E3A-A0C5-27FEE375F04B}.Debug|Any CPU.Build.0 = Debug|Any CPU
		{18268264-0A94-4E3A-A0C5-27FEE375F04B}.Release|Any CPU.ActiveCfg = Release|Any CPU
		{18268264-0A94-4E3A-A0C5-27FEE375F04B}.Release|Any CPU.Build.0 = Release|Any CPU
	EndGlobalSection
	GlobalSection(SolutionProperties) = preSolution
		HideSolutionNode = FALSE
	EndGlobalSection
	GlobalSection(ExtensibilityGlobals) = postSolution
		SolutionGuid = {D4FAA8C4-C286-46E0-94C2-6306AD863714}
	EndGlobalSection
EndGlobal
